
Microsoft Visual Studio Solution File, Format Version 12.00
# Visual Studio Version 17
VisualStudioVersion = 17.14.36429.23
MinimumVisualStudioVersion = 10.0.40219.1
Project("{9A19103F-16F7-4668-BE54-9A1E7A4F7556}") = "MebelShop", "TechShop\MebelShop.csproj", "{8B7096BA-C3A4-47A8-993C-14D7D73875D8}"
EndProject
Global
	GlobalSection(SolutionConfigurationPlatforms) = preSolution
		Debug|Any CPU = Debug|Any CPU
		Release|Any CPU = Release|Any CPU
	EndGlobalSection
	GlobalSection(ProjectConfigurationPlatforms) = postSolution
		{8B7096BA-C3A4-47A8-993C-14D7D73875D8}.Debug|Any CPU.ActiveCfg = Debug|Any CPU
		{8B7096BA-C3A4-47A8-993C-14D7D73875D8}.Debug|Any CPU.Build.0 = Debug|Any CPU
		{8B7096BA-C3A4-47A8-993C-14D7D73875D8}.Release|Any CPU.ActiveCfg = Release|Any CPU
		{8B7096BA-C3A4-47A8-993C-14D7D73875D8}.Release|Any CPU.Build.0 = Release|Any CPU
	EndGlobalSection
	GlobalSection(SolutionProperties) = preSolution
		HideSolutionNode = FALSE
	EndGlobalSection
	GlobalSection(ExtensibilityGlobals) = postSolution
		SolutionGuid = {C6C032BA-8FF2-42EA-87EB-74844F8EAAE6}
	EndGlobalSection
EndGlobal
